// !$*UTF8*$!
{
	archiveVersion = 1;
	classes = {
	};
	objectVersion = 77;
	objects = {

/* Begin PBXContainerItemProxy section */
		3200715D2D4D510000D477D6 /* PBXContainerItemProxy */ = {
			isa = PBXContainerItemProxy;
			containerPortal = 3200713F2D4D50FE00D477D6 /* Project object */;
			proxyType = 1;
			remoteGlobalIDString = 320071462D4D50FE00D477D6;
			remoteInfo = FiniRestaurantViewer;
		};
		320071672D4D510000D477D6 /* PBXContainerItemProxy */ = {
			isa = PBXContainerItemProxy;
			containerPortal = 3200713F2D4D50FE00D477D6 /* Project object */;
			proxyType = 1;
			remoteGlobalIDString = 320071462D4D50FE00D477D6;
			remoteInfo = FiniRestaurantViewer;
		};
/* End PBXContainerItemProxy section */

/* Begin PBXFileReference section */
		320071472D4D50FE00D477D6 /* FiniRestaurantViewer.app */ = {isa = PBXFileReference; explicitFileType = wrapper.application; includeInIndex = 0; path = FiniRestaurantViewer.app; sourceTree = BUILT_PRODUCTS_DIR; };
		3200715C2D4D510000D477D6 /* FiniRestaurantViewerTests.xctest */ = {isa = PBXFileReference; explicitFileType = wrapper.cfbundle; includeInIndex = 0; path = FiniRestaurantViewerTests.xctest; sourceTree = BUILT_PRODUCTS_DIR; };
		320071662D4D510000D477D6 /* FiniRestaurantViewerUITests.xctest */ = {isa = PBXFileReference; explicitFileType = wrapper.cfbundle; includeInIndex = 0; path = FiniRestaurantViewerUITests.xctest; sourceTree = BUILT_PRODUCTS_DIR; };
/* End PBXFileReference section */

/* Begin PBXFileSystemSynchronizedRootGroup section */
		320071492D4D50FE00D477D6 /* FiniRestaurantViewer */ = {
			isa = PBXFileSystemSynchronizedRootGroup;
			path = FiniRestaurantViewer;
			sourceTree = "<group>";
		};
		3200715F2D4D510000D477D6 /* FiniRestaurantViewerTests */ = {
			isa = PBXFileSystemSynchronizedRootGroup;
			path = FiniRestaurantViewerTests;
			sourceTree = "<group>";
		};
		320071692D4D510000D477D6 /* FiniRestaurantViewerUITests */ = {
			isa = PBXFileSystemSynchronizedRootGroup;
			path = FiniRestaurantViewerUITests;
			sourceTree = "<group>";
		};
/* End PBXFileSystemSynchronizedRootGroup section */

/* Begin PBXFrameworksBuildPhase section */
		320071442D4D50FE00D477D6 /* Frameworks */ = {
			isa = PBXFrameworksBuildPhase;
			buildActionMask = 2147483647;
			files = (
			);
			runOnlyForDeploymentPostprocessing = 0;
		};
		320071592D4D510000D477D6 /* Frameworks */ = {
			isa = PBXFrameworksBuildPhase;
			buildActionMask = 2147483647;
			files = (
			);
			runOnlyForDeploymentPostprocessing = 0;
		};
		320071632D4D510000D477D6 /* Frameworks */ = {
			isa = PBXFrameworksBuildPhase;
			buildActionMask = 2147483647;
			files = (
			);
			runOnlyForDeploymentPostprocessing = 0;
		};
/* End PBXFrameworksBuildPhase section */

/* Begin PBXGroup section */
		3200713E2D4D50FE00D477D6 = {
			isa = PBXGroup;
			children = (
				320071492D4D50FE00D477D6 /* FiniRestaurantViewer */,
				3200715F2D4D510000D477D6 /* FiniRestaurantViewerTests */,
				320071692D4D510000D477D6 /* FiniRestaurantViewerUITests */,
				320071482D4D50FE00D477D6 /* Products */,
			);
			sourceTree = "<group>";
		};
		320071482D4D50FE00D477D6 /* Products */ = {
			isa = PBXGroup;
			children = (
				320071472D4D50FE00D477D6 /* FiniRestaurantViewer.app */,
				3200715C2D4D510000D477D6 /* FiniRestaurantViewerTests.xctest */,
				320071662D4D510000D477D6 /* FiniRestaurantViewerUITests.xctest */,
			);
			name = Products;
			sourceTree = "<group>";
		};
/* End PBXGroup section */

/* Begin PBXNativeTarget section */
		320071462D4D50FE00D477D6 /* FiniRestaurantViewer */ = {
			isa = PBXNativeTarget;
			buildConfigurationList = 320071702D4D510000D477D6 /* Build configuration list for PBXNativeTarget "FiniRestaurantViewer" */;
			buildPhases = (
				320071432D4D50FE00D477D6 /* Sources */,
				320071442D4D50FE00D477D6 /* Frameworks */,
				320071452D4D50FE00D477D6 /* Resources */,
			);
			buildRules = (
			);
			dependencies = (
			);
			fileSystemSynchronizedGroups = (
				320071492D4D50FE00D477D6 /* FiniRestaurantViewer */,
			);
			name = FiniRestaurantViewer;
			packageProductDependencies = (
			);
			productName = FiniRestaurantViewer;
			productReference = 320071472D4D50FE00D477D6 /* FiniRestaurantViewer.app */;
			productType = "com.apple.product-type.application";
		};
		3200715B2D4D510000D477D6 /* FiniRestaurantViewerTests */ = {
			isa = PBXNativeTarget;
			buildConfigurationList = 320071732D4D510000D477D6 /* Build configuration list for PBXNativeTarget "FiniRestaurantViewerTests" */;
			buildPhases = (
				320071582D4D510000D477D6 /* Sources */,
				320071592D4D510000D477D6 /* Frameworks */,
				3200715A2D4D510000D477D6 /* Resources */,
			);
			buildRules = (
			);
			dependencies = (
				3200715E2D4D510000D477D6 /* PBXTargetDependency */,
			);
			fileSystemSynchronizedGroups = (
				3200715F2D4D510000D477D6 /* FiniRestaurantViewerTests */,
			);
			name = FiniRestaurantViewerTests;
			packageProductDependencies = (
			);
			productName = FiniRestaurantViewerTests;
			productReference = 3200715C2D4D510000D477D6 /* FiniRestaurantViewerTests.xctest */;
			productType = "com.apple.product-type.bundle.unit-test";
		};
		320071652D4D510000D477D6 /* FiniRestaurantViewerUITests */ = {
			isa = PBXNativeTarget;
			buildConfigurationList = 320071762D4D510000D477D6 /* Build configuration list for PBXNativeTarget "FiniRestaurantViewerUITests" */;
			buildPhases = (
				320071622D4D510000D477D6 /* Sources */,
				320071632D4D510000D477D6 /* Frameworks */,
				320071642D4D510000D477D6 /* Resources */,
			);
			buildRules = (
			);
			dependencies = (
				320071682D4D510000D477D6 /* PBXTargetDependency */,
			);
			fileSystemSynchronizedGroups = (
				320071692D4D510000D477D6 /* FiniRestaurantViewerUITests */,
			);
			name = FiniRestaurantViewerUITests;
			packageProductDependencies = (
			);
			productName = FiniRestaurantViewerUITests;
			productReference = 320071662D4D510000D477D6 /* FiniRestaurantViewerUITests.xctest */;
			productType = "com.apple.product-type.bundle.ui-testing";
		};
/* End PBXNativeTarget section */

/* Begin PBXProject section */
		3200713F2D4D50FE00D477D6 /* Project object */ = {
			isa = PBXProject;
			attributes = {
				BuildIndependentTargetsInParallel = 1;
				LastSwiftUpdateCheck = 1610;
				LastUpgradeCheck = 1610;
				TargetAttributes = {
					320071462D4D50FE00D477D6 = {
						CreatedOnToolsVersion = 16.1;
					};
					3200715B2D4D510000D477D6 = {
						CreatedOnToolsVersion = 16.1;
						TestTargetID = 320071462D4D50FE00D477D6;
					};
					320071652D4D510000D477D6 = {
						CreatedOnToolsVersion = 16.1;
						TestTargetID = 320071462D4D50FE00D477D6;
					};
				};
			};
			buildConfigurationList = 320071422D4D50FE00D477D6 /* Build configuration list for PBXProject "FiniRestaurantViewer" */;
			developmentRegion = en;
			hasScannedForEncodings = 0;
			knownRegions = (
				en,
				Base,
			);
			mainGroup = 3200713E2D4D50FE00D477D6;
			minimizedProjectReferenceProxies = 1;
			preferredProjectObjectVersion = 77;
			productRefGroup = 320071482D4D50FE00D477D6 /* Products */;
			projectDirPath = "";
			projectRoot = "";
			targets = (
				320071462D4D50FE00D477D6 /* FiniRestaurantViewer */,
				3200715B2D4D510000D477D6 /* FiniRestaurantViewerTests */,
				320071652D4D510000D477D6 /* FiniRestaurantViewerUITests */,
			);
		};
/* End PBXProject section */

/* Begin PBXResourcesBuildPhase section */
		320071452D4D50FE00D477D6 /* Resources */ = {
			isa = PBXResourcesBuildPhase;
			buildActionMask = 2147483647;
			files = (
			);
			runOnlyForDeploymentPostprocessing = 0;
		};
		3200715A2D4D510000D477D6 /* Resources */ = {
			isa = PBXResourcesBuildPhase;
			buildActionMask = 2147483647;
			files = (
			);
			runOnlyForDeploymentPostprocessing = 0;
		};
		320071642D4D510000D477D6 /* Resources */ = {
			isa = PBXResourcesBuildPhase;
			buildActionMask = 2147483647;
			files = (
			);
			runOnlyForDeploymentPostprocessing = 0;
		};
/* End PBXResourcesBuildPhase section */

/* Begin PBXSourcesBuildPhase section */
		320071432D4D50FE00D477D6 /* Sources */ = {
			isa = PBXSourcesBuildPhase;
			buildActionMask = 2147483647;
			files = (
			);
			runOnlyForDeploymentPostprocessing = 0;
		};
		320071582D4D510000D477D6 /* Sources */ = {
			isa = PBXSourcesBuildPhase;
			buildActionMask = 2147483647;
			files = (
			);
			runOnlyForDeploymentPostprocessing = 0;
		};
		320071622D4D510000D477D6 /* Sources */ = {
			isa = PBXSourcesBuildPhase;
			buildActionMask = 2147483647;
			files = (
			);
			runOnlyForDeploymentPostprocessing = 0;
		};
/* End PBXSourcesBuildPhase section */

/* Begin PBXTargetDependency section */
		3200715E2D4D510000D477D6 /* PBXTargetDependency */ = {
			isa = PBXTargetDependency;
			target = 320071462D4D50FE00D477D6 /* FiniRestaurantViewer */;
			targetProxy = 3200715D2D4D510000D477D6 /* PBXContainerItemProxy */;
		};
		320071682D4D510000D477D6 /* PBXTargetDependency */ = {
			isa = PBXTargetDependency;
			target = 320071462D4D50FE00D477D6 /* FiniRestaurantViewer */;
			targetProxy = 320071672D4D510000D477D6 /* PBXContainerItemProxy */;
		};
/* End PBXTargetDependency section */

/* Begin XCBuildConfiguration section */
		3200716E2D4D510000D477D6 /* Debug */ = {
			isa = XCBuildConfiguration;
			buildSettings = {
				ALWAYS_SEARCH_USER_PATHS = NO;
				ASSETCATALOG_COMPILER_GENERATE_SWIFT_ASSET_SYMBOL_EXTENSIONS = YES;
				CLANG_ANALYZER_NONNULL = YES;
				CLANG_ANALYZER_NUMBER_OBJECT_CONVERSION = YES_AGGRESSIVE;
				CLANG_CXX_LANGUAGE_STANDARD = "gnu++20";
				CLANG_ENABLE_MODULES = YES;
				CLANG_ENABLE_OBJC_ARC = YES;
				CLANG_ENABLE_OBJC_WEAK = YES;
				CLANG_WARN_BLOCK_CAPTURE_AUTORELEASING = YES;
				CLANG_WARN_BOOL_CONVERSION = YES;
				CLANG_WARN_COMMA = YES;
				CLANG_WARN_CONSTANT_CONVERSION = YES;
				CLANG_WARN_DEPRECATED_OBJC_IMPLEMENTATIONS = YES;
				CLANG_WARN_DIRECT_OBJC_ISA_USAGE = YES_ERROR;
				CLANG_WARN_DOCUMENTATION_COMMENTS = YES;
				CLANG_WARN_EMPTY_BODY = YES;
				CLANG_WARN_ENUM_CONVERSION = YES;
				CLANG_WARN_INFINITE_RECURSION = YES;
				CLANG_WARN_INT_CONVERSION = YES;
				CLANG_WARN_NON_LITERAL_NULL_CONVERSION = YES;
				CLANG_WARN_OBJC_IMPLICIT_RETAIN_SELF = YES;
				CLANG_WARN_OBJC_LITERAL_CONVERSION = YES;
				CLANG_WARN_OBJC_ROOT_CLASS = YES_ERROR;
				CLANG_WARN_QUOTED_INCLUDE_IN_FRAMEWORK_HEADER = YES;
				CLANG_WARN_RANGE_LOOP_ANALYSIS = YES;
				CLANG_WARN_STRICT_PROTOTYPES = YES;
				CLANG_WARN_SUSPICIOUS_MOVE = YES;
				CLANG_WARN_UNGUARDED_AVAILABILITY = YES_AGGRESSIVE;
				CLANG_WARN_UNREACHABLE_CODE = YES;
				CLANG_WARN__DUPLICATE_METHOD_MATCH = YES;
				COPY_PHASE_STRIP = NO;
				DEBUG_INFORMATION_FORMAT = dwarf;
				ENABLE_STRICT_OBJC_MSGSEND = YES;
				ENABLE_TESTABILITY = YES;
				ENABLE_USER_SCRIPT_SANDBOXING = YES;
				GCC_C_LANGUAGE_STANDARD = gnu17;
				GCC_DYNAMIC_NO_PIC = NO;
				GCC_NO_COMMON_BLOCKS = YES;
				GCC_OPTIMIZATION_LEVEL = 0;
				GCC_PREPROCESSOR_DEFINITIONS = (
					"DEBUG=1",
					"$(inherited)",
				);
				GCC_WARN_64_TO_32_BIT_CONVERSION = YES;
				GCC_WARN_ABOUT_RETURN_TYPE = YES_ERROR;
				GCC_WARN_UNDECLARED_SELECTOR = YES;
				GCC_WARN_UNINITIALIZED_AUTOS = YES_AGGRESSIVE;
				GCC_WARN_UNUSED_FUNCTION = YES;
				GCC_WARN_UNUSED_VARIABLE = YES;
				IPHONEOS_DEPLOYMENT_TARGET = 18.1;
				LOCALIZATION_PREFERS_STRING_CATALOGS = YES;
				MTL_ENABLE_DEBUG_INFO = INCLUDE_SOURCE;
				MTL_FAST_MATH = YES;
				ONLY_ACTIVE_ARCH = YES;
				SDKROOT = iphoneos;
				SWIFT_ACTIVE_COMPILATION_CONDITIONS = "DEBUG $(inherited)";
				SWIFT_OPTIMIZATION_LEVEL = "-Onone";
			};
			name = Debug;
		};
		3200716F2D4D510000D477D6 /* Release */ = {
			isa = XCBuildConfiguration;
			buildSettings = {
				ALWAYS_SEARCH_USER_PATHS = NO;
				ASSETCATALOG_COMPILER_GENERATE_SWIFT_ASSET_SYMBOL_EXTENSIONS = YES;
				CLANG_ANALYZER_NONNULL = YES;
				CLANG_ANALYZER_NUMBER_OBJECT_CONVERSION = YES_AGGRESSIVE;
				CLANG_CXX_LANGUAGE_STANDARD = "gnu++20";
				CLANG_ENABLE_MODULES = YES;
				CLANG_ENABLE_OBJC_ARC = YES;
				CLANG_ENABLE_OBJC_WEAK = YES;
				CLANG_WARN_BLOCK_CAPTURE_AUTORELEASING = YES;
				CLANG_WARN_BOOL_CONVERSION = YES;
				CLANG_WARN_COMMA = YES;
				CLANG_WARN_CONSTANT_CONVERSION = YES;
				CLANG_WARN_DEPRECATED_OBJC_IMPLEMENTATIONS = YES;
				CLANG_WARN_DIRECT_OBJC_ISA_USAGE = YES_ERROR;
				CLANG_WARN_DOCUMENTATION_COMMENTS = YES;
				CLANG_WARN_EMPTY_BODY = YES;
				CLANG_WARN_ENUM_CONVERSION = YES;
				CLANG_WARN_INFINITE_RECURSION = YES;
				CLANG_WARN_INT_CONVERSION = YES;
				CLANG_WARN_NON_LITERAL_NULL_CONVERSION = YES;
				CLANG_WARN_OBJC_IMPLICIT_RETAIN_SELF = YES;
				CLANG_WARN_OBJC_LITERAL_CONVERSION = YES;
				CLANG_WARN_OBJC_ROOT_CLASS = YES_ERROR;
				CLANG_WARN_QUOTED_INCLUDE_IN_FRAMEWORK_HEADER = YES;
				CLANG_WARN_RANGE_LOOP_ANALYSIS = YES;
				CLANG_WARN_STRICT_PROTOTYPES = YES;
				CLANG_WARN_SUSPICIOUS_MOVE = YES;
				CLANG_WARN_UNGUARDED_AVAILABILITY = YES_AGGRESSIVE;
				CLANG_WARN_UNREACHABLE_CODE = YES;
				CLANG_WARN__DUPLICATE_METHOD_MATCH = YES;
				COPY_PHASE_STRIP = NO;
				DEBUG_INFORMATION_FORMAT = "dwarf-with-dsym";
				ENABLE_NS_ASSERTIONS = NO;
				ENABLE_STRICT_OBJC_MSGSEND = YES;
				ENABLE_USER_SCRIPT_SANDBOXING = YES;
				GCC_C_LANGUAGE_STANDARD = gnu17;
				GCC_NO_COMMON_BLOCKS = YES;
				GCC_WARN_64_TO_32_BIT_CONVERSION = YES;
				GCC_WARN_ABOUT_RETURN_TYPE = YES_ERROR;
				GCC_WARN_UNDECLARED_SELECTOR = YES;
				GCC_WARN_UNINITIALIZED_AUTOS = YES_AGGRESSIVE;
				GCC_WARN_UNUSED_FUNCTION = YES;
				GCC_WARN_UNUSED_VARIABLE = YES;
				IPHONEOS_DEPLOYMENT_TARGET = 18.1;
				LOCALIZATION_PREFERS_STRING_CATALOGS = YES;
				MTL_ENABLE_DEBUG_INFO = NO;
				MTL_FAST_MATH = YES;
				SDKROOT = iphoneos;
				SWIFT_COMPILATION_MODE = wholemodule;
				VALIDATE_PRODUCT = YES;
			};
			name = Release;
		};
		320071712D4D510000D477D6 /* Debug */ = {
			isa = XCBuildConfiguration;
			buildSettings = {
				ASSETCATALOG_COMPILER_APPICON_NAME = AppIcon;
				ASSETCATALOG_COMPILER_GLOBAL_ACCENT_COLOR_NAME = AccentColor;
				CODE_SIGN_STYLE = Automatic;
				CURRENT_PROJECT_VERSION = 1;
				DEVELOPMENT_ASSET_PATHS = "\"FiniRestaurantViewer/Preview Content\"";
				DEVELOPMENT_TEAM = 8KHAQ7W8KV;
				ENABLE_PREVIEWS = YES;
				GENERATE_INFOPLIST_FILE = YES;
				INFOPLIST_KEY_NSLocationWhenInUseUsageDescription = "This app needs your location to show nearby restaurants.";
				INFOPLIST_KEY_UIApplicationSceneManifest_Generation = YES;
				INFOPLIST_KEY_UIApplicationSupportsIndirectInputEvents = YES;
				INFOPLIST_KEY_UILaunchScreen_Generation = YES;
				INFOPLIST_KEY_UISupportedInterfaceOrientations_iPad = "UIInterfaceOrientationPortrait UIInterfaceOrientationPortraitUpsideDown UIInterfaceOrientationLandscapeLeft UIInterfaceOrientationLandscapeRight";
				INFOPLIST_KEY_UISupportedInterfaceOrientations_iPhone = "UIInterfaceOrientationPortrait UIInterfaceOrientationLandscapeLeft UIInterfaceOrientationLandscapeRight";
				IPHONEOS_DEPLOYMENT_TARGET = 17.6;
				LD_RUNPATH_SEARCH_PATHS = (
					"$(inherited)",
					"@executable_path/Frameworks",
				);
				MARKETING_VERSION = 1.0;
				PRODUCT_BUNDLE_IDENTIFIER = com.timmynguyen.FiniRestaurantViewer;
				PRODUCT_NAME = "$(TARGET_NAME)";
				SWIFT_EMIT_LOC_STRINGS = YES;
				SWIFT_VERSION = 5.0;
				TARGETED_DEVICE_FAMILY = "1,2";
			};
			name = Debug;
		};
		320071722D4D510000D477D6 /* Release */ = {
			isa = XCBuildConfiguration;
			buildSettings = {
				ASSETCATALOG_COMPILER_APPICON_NAME = AppIcon;
				ASSETCATALOG_COMPILER_GLOBAL_ACCENT_COLOR_NAME = AccentColor;
				CODE_SIGN_STYLE = Automatic;
				CURRENT_PROJECT_VERSION = 1;
				DEVELOPMENT_ASSET_PATHS = "\"FiniRestaurantViewer/Preview Content\"";
				DEVELOPMENT_TEAM = 8KHAQ7W8KV;
				ENABLE_PREVIEWS = YES;
				GENERATE_INFOPLIST_FILE = YES;
				INFOPLIST_KEY_NSLocationWhenInUseUsageDescription = "This app needs your location to show nearby restaurants.";
				INFOPLIST_KEY_UIApplicationSceneManifest_Generation = YES;
				INFOPLIST_KEY_UIApplicationSupportsIndirectInputEvents = YES;
				INFOPLIST_KEY_UILaunchScreen_Generation = YES;
				INFOPLIST_KEY_UISupportedInterfaceOrientations_iPad = "UIInterfaceOrientationPortrait UIInterfaceOrientationPortraitUpsideDown UIInterfaceOrientationLandscapeLeft UIInterfaceOrientationLandscapeRight";
				INFOPLIST_KEY_UISupportedInterfaceOrientations_iPhone = "UIInterfaceOrientationPortrait UIInterfaceOrientationLandscapeLeft UIInterfaceOrientationLandscapeRight";
				IPHONEOS_DEPLOYMENT_TARGET = 17.6;
				LD_RUNPATH_SEARCH_PATHS = (
					"$(inherited)",
					"@executable_path/Frameworks",
				);
				MARKETING_VERSION = 1.0;
				PRODUCT_BUNDLE_IDENTIFIER = com.timmynguyen.FiniRestaurantViewer;
				PRODUCT_NAME = "$(TARGET_NAME)";
				SWIFT_EMIT_LOC_STRINGS = YES;
				SWIFT_VERSION = 5.0;
				TARGETED_DEVICE_FAMILY = "1,2";
			};
			name = Release;
		};
		320071742D4D510000D477D6 /* Debug */ = {
			isa = XCBuildConfiguration;
			buildSettings = {
				BUNDLE_LOADER = "$(TEST_HOST)";
				CODE_SIGN_STYLE = Automatic;
				CURRENT_PROJECT_VERSION = 1;
				DEVELOPMENT_TEAM = 8KHAQ7W8KV;
				GENERATE_INFOPLIST_FILE = YES;
				IPHONEOS_DEPLOYMENT_TARGET = 17.6;
				MARKETING_VERSION = 1.0;
				PRODUCT_BUNDLE_IDENTIFIER = com.timmynguyen.FiniRestaurantViewerTests;
				PRODUCT_NAME = "$(TARGET_NAME)";
				SWIFT_EMIT_LOC_STRINGS = NO;
				SWIFT_VERSION = 5.0;
				TARGETED_DEVICE_FAMILY = "1,2";
				TEST_HOST = "$(BUILT_PRODUCTS_DIR)/FiniRestaurantViewer.app/$(BUNDLE_EXECUTABLE_FOLDER_PATH)/FiniRestaurantViewer";
			};
			name = Debug;
		};
		320071752D4D510000D477D6 /* Release */ = {
			isa = XCBuildConfiguration;
			buildSettings = {
				BUNDLE_LOADER = "$(TEST_HOST)";
				CODE_SIGN_STYLE = Automatic;
				CURRENT_PROJECT_VERSION = 1;
				DEVELOPMENT_TEAM = 8KHAQ7W8KV;
				GENERATE_INFOPLIST_FILE = YES;
				IPHONEOS_DEPLOYMENT_TARGET = 17.6;
				MARKETING_VERSION = 1.0;
				PRODUCT_BUNDLE_IDENTIFIER = com.timmynguyen.FiniRestaurantViewerTests;
				PRODUCT_NAME = "$(TARGET_NAME)";
				SWIFT_EMIT_LOC_STRINGS = NO;
				SWIFT_VERSION = 5.0;
				TARGETED_DEVICE_FAMILY = "1,2";
				TEST_HOST = "$(BUILT_PRODUCTS_DIR)/FiniRestaurantViewer.app/$(BUNDLE_EXECUTABLE_FOLDER_PATH)/FiniRestaurantViewer";
			};
			name = Release;
		};
		320071772D4D510000D477D6 /* Debug */ = {
			isa = XCBuildConfiguration;
			buildSettings = {
				CODE_SIGN_STYLE = Automatic;
				CURRENT_PROJECT_VERSION = 1;
				DEVELOPMENT_TEAM = 8KHAQ7W8KV;
				GENERATE_INFOPLIST_FILE = YES;
				IPHONEOS_DEPLOYMENT_TARGET = 17.6;
				MARKETING_VERSION = 1.0;
				PRODUCT_BUNDLE_IDENTIFIER = com.timmynguyen.FiniRestaurantViewerUITests;
				PRODUCT_NAME = "$(TARGET_NAME)";
				SWIFT_EMIT_LOC_STRINGS = NO;
				SWIFT_VERSION = 5.0;
				TARGETED_DEVICE_FAMILY = "1,2";
				TEST_TARGET_NAME = FiniRestaurantViewer;
			};
			name = Debug;
		};
		320071782D4D510000D477D6 /* Release */ = {
			isa = XCBuildConfiguration;
			buildSettings = {
				CODE_SIGN_STYLE = Automatic;
				CURRENT_PROJECT_VERSION = 1;
				DEVELOPMENT_TEAM = 8KHAQ7W8KV;
				GENERATE_INFOPLIST_FILE = YES;
				IPHONEOS_DEPLOYMENT_TARGET = 17.6;
				MARKETING_VERSION = 1.0;
				PRODUCT_BUNDLE_IDENTIFIER = com.timmynguyen.FiniRestaurantViewerUITests;
				PRODUCT_NAME = "$(TARGET_NAME)";
				SWIFT_EMIT_LOC_STRINGS = NO;
				SWIFT_VERSION = 5.0;
				TARGETED_DEVICE_FAMILY = "1,2";
				TEST_TARGET_NAME = FiniRestaurantViewer;
			};
			name = Release;
		};
/* End XCBuildConfiguration section */

/* Begin XCConfigurationList section */
		320071422D4D50FE00D477D6 /* Build configuration list for PBXProject "FiniRestaurantViewer" */ = {
			isa = XCConfigurationList;
			buildConfigurations = (
				3200716E2D4D510000D477D6 /* Debug */,
				3200716F2D4D510000D477D6 /* Release */,
			);
			defaultConfigurationIsVisible = 0;
			defaultConfigurationName = Release;
		};
		320071702D4D510000D477D6 /* Build configuration list for PBXNativeTarget "FiniRestaurantViewer" */ = {
			isa = XCConfigurationList;
			buildConfigurations = (
				320071712D4D510000D477D6 /* Debug */,
				320071722D4D510000D477D6 /* Release */,
			);
			defaultConfigurationIsVisible = 0;
			defaultConfigurationName = Release;
		};
		320071732D4D510000D477D6 /* Build configuration list for PBXNativeTarget "FiniRestaurantViewerTests" */ = {
			isa = XCConfigurationList;
			buildConfigurations = (
				320071742D4D510000D477D6 /* Debug */,
				320071752D4D510000D477D6 /* Release */,
			);
			defaultConfigurationIsVisible = 0;
			defaultConfigurationName = Release;
		};
		320071762D4D510000D477D6 /* Build configuration list for PBXNativeTarget "FiniRestaurantViewerUITests" */ = {
			isa = XCConfigurationList;
			buildConfigurations = (
				320071772D4D510000D477D6 /* Debug */,
				320071782D4D510000D477D6 /* Release */,
			);
			defaultConfigurationIsVisible = 0;
			defaultConfigurationName = Release;
		};
/* End XCConfigurationList section */
	};
	rootObject = 3200713F2D4D50FE00D477D6 /* Project object */;
}
